// !$*UTF8*$!
{
	archiveVersion = 1;
	classes = {
	};
	objectVersion = 56;
	objects = {

/* Begin PBXBuildFile section */
		7E0D0350298ABF6000434899 /* ProfileTableViewHeader.swift in Sources */ = {isa = PBXBuildFile; fileRef = 7E0D034F298ABF6000434899 /* ProfileTableViewHeader.swift */; };
		7E0D0352298BC1ED00434899 /* GoogleService-Info.plist in Resources */ = {isa = PBXBuildFile; fileRef = 7E0D0351298BC1ED00434899 /* GoogleService-Info.plist */; };
		7E0D0355298BC33800434899 /* FirebaseAuth in Frameworks */ = {isa = PBXBuildFile; productRef = 7E0D0354298BC33800434899 /* FirebaseAuth */; };
		7E0D0357298BC33800434899 /* FirebaseAuthCombine-Community in Frameworks */ = {isa = PBXBuildFile; productRef = 7E0D0356298BC33800434899 /* FirebaseAuthCombine-Community */; };
		7E0D0359298BC33800434899 /* FirebaseDatabase in Frameworks */ = {isa = PBXBuildFile; productRef = 7E0D0358298BC33800434899 /* FirebaseDatabase */; };
		7E0D035B298BC33800434899 /* FirebaseDatabaseSwift in Frameworks */ = {isa = PBXBuildFile; productRef = 7E0D035A298BC33800434899 /* FirebaseDatabaseSwift */; };
		7E0D035D298BC33800434899 /* FirebaseFirestore in Frameworks */ = {isa = PBXBuildFile; productRef = 7E0D035C298BC33800434899 /* FirebaseFirestore */; };
		7E0D035F298BC33800434899 /* FirebaseFirestoreCombine-Community in Frameworks */ = {isa = PBXBuildFile; productRef = 7E0D035E298BC33800434899 /* FirebaseFirestoreCombine-Community */; };
		7E0D0361298BC33800434899 /* FirebaseFirestoreSwift in Frameworks */ = {isa = PBXBuildFile; productRef = 7E0D0360298BC33800434899 /* FirebaseFirestoreSwift */; };
		7E0D0363298BC33800434899 /* FirebaseStorage in Frameworks */ = {isa = PBXBuildFile; productRef = 7E0D0362298BC33800434899 /* FirebaseStorage */; };
		7E0D0365298BC33800434899 /* FirebaseStorageCombine-Community in Frameworks */ = {isa = PBXBuildFile; productRef = 7E0D0364298BC33800434899 /* FirebaseStorageCombine-Community */; };
		7E0D0368298BC67E00434899 /* OnboardingViewController.swift in Sources */ = {isa = PBXBuildFile; fileRef = 7E0D0367298BC67E00434899 /* OnboardingViewController.swift */; };
		7E0D036A298BCF7700434899 /* RegisterViewController.swift in Sources */ = {isa = PBXBuildFile; fileRef = 7E0D0369298BCF7700434899 /* RegisterViewController.swift */; };
		7E0D036D298BD5E300434899 /* AuthenticationViewModel.swift in Sources */ = {isa = PBXBuildFile; fileRef = 7E0D036C298BD5E300434899 /* AuthenticationViewModel.swift */; };
		7E0D0370298BDF8300434899 /* AuthManager.swift in Sources */ = {isa = PBXBuildFile; fileRef = 7E0D036F298BDF8300434899 /* AuthManager.swift */; };
		7E0D0372298BE60800434899 /* LoginViewController.swift in Sources */ = {isa = PBXBuildFile; fileRef = 7E0D0371298BE60800434899 /* LoginViewController.swift */; };
		7E2C9E9C298CB7E200B86A90 /* TwitterUser.swift in Sources */ = {isa = PBXBuildFile; fileRef = 7E2C9E9B298CB7E200B86A90 /* TwitterUser.swift */; };
		7E2C9E9E298CB87500B86A90 /* DatabaseManager.swift in Sources */ = {isa = PBXBuildFile; fileRef = 7E2C9E9D298CB87500B86A90 /* DatabaseManager.swift */; };
		7E2C9EA0298CC0C900B86A90 /* HomeViewModel.swift in Sources */ = {isa = PBXBuildFile; fileRef = 7E2C9E9F298CC0C900B86A90 /* HomeViewModel.swift */; };
		7E2C9EA2298CC45300B86A90 /* ProfileDataFormViewController.swift in Sources */ = {isa = PBXBuildFile; fileRef = 7E2C9EA1298CC45300B86A90 /* ProfileDataFormViewController.swift */; };
		7E2C9EA4298CC62C00B86A90 /* ProfileDataFormViewModel.swift in Sources */ = {isa = PBXBuildFile; fileRef = 7E2C9EA3298CC62C00B86A90 /* ProfileDataFormViewModel.swift */; };
		7E2C9EA6298D2D1500B86A90 /* StorageManager.swift in Sources */ = {isa = PBXBuildFile; fileRef = 7E2C9EA5298D2D1500B86A90 /* StorageManager.swift */; };
		7E2C9EA8298D452D00B86A90 /* ProfileViewModel.swift in Sources */ = {isa = PBXBuildFile; fileRef = 7E2C9EA7298D452D00B86A90 /* ProfileViewModel.swift */; };
		7E2C9EAB298D5B8300B86A90 /* SDWebImage in Frameworks */ = {isa = PBXBuildFile; productRef = 7E2C9EAA298D5B8300B86A90 /* SDWebImage */; };
		7E2C9EAF298D658B00B86A90 /* Extension+UIColor.swift in Sources */ = {isa = PBXBuildFile; fileRef = 7E2C9EAE298D658B00B86A90 /* Extension+UIColor.swift */; };
		7E2C9EB1298D7DF400B86A90 /* TweetComposeViewController.swift in Sources */ = {isa = PBXBuildFile; fileRef = 7E2C9EB0298D7DF400B86A90 /* TweetComposeViewController.swift */; };
		7E2C9EB3298D835300B86A90 /* Tweet.swift in Sources */ = {isa = PBXBuildFile; fileRef = 7E2C9EB2298D835300B86A90 /* Tweet.swift */; };
		7E2C9EB5298D843600B86A90 /* TweetComposeViewModel.swift in Sources */ = {isa = PBXBuildFile; fileRef = 7E2C9EB4298D843600B86A90 /* TweetComposeViewModel.swift */; };
		7EE33DA22989392500F7A94B /* AppDelegate.swift in Sources */ = {isa = PBXBuildFile; fileRef = 7EE33DA12989392500F7A94B /* AppDelegate.swift */; };
		7EE33DA42989392500F7A94B /* SceneDelegate.swift in Sources */ = {isa = PBXBuildFile; fileRef = 7EE33DA32989392500F7A94B /* SceneDelegate.swift */; };
		7EE33DA62989392500F7A94B /* MainTabBarController.swift in Sources */ = {isa = PBXBuildFile; fileRef = 7EE33DA52989392500F7A94B /* MainTabBarController.swift */; };
		7EE33DAB2989392600F7A94B /* Assets.xcassets in Resources */ = {isa = PBXBuildFile; fileRef = 7EE33DAA2989392600F7A94B /* Assets.xcassets */; };
		7EE33DAE2989392600F7A94B /* LaunchScreen.storyboard in Resources */ = {isa = PBXBuildFile; fileRef = 7EE33DAC2989392600F7A94B /* LaunchScreen.storyboard */; };
		7EE33DB829893E8F00F7A94B /* HomeViewController.swift in Sources */ = {isa = PBXBuildFile; fileRef = 7EE33DB729893E8F00F7A94B /* HomeViewController.swift */; };
		7EE33DBA29893F9B00F7A94B /* SearchViewController.swift in Sources */ = {isa = PBXBuildFile; fileRef = 7EE33DB929893F9B00F7A94B /* SearchViewController.swift */; };
		7EE33DBC29893FAD00F7A94B /* NotificationViewController.swift in Sources */ = {isa = PBXBuildFile; fileRef = 7EE33DBB29893FAD00F7A94B /* NotificationViewController.swift */; };
		7EE33DBE29893FBB00F7A94B /* DirectMessageViewController.swift in Sources */ = {isa = PBXBuildFile; fileRef = 7EE33DBD29893FBB00F7A94B /* DirectMessageViewController.swift */; };
		7EE33DC12989493A00F7A94B /* TweetTableViewCell.swift in Sources */ = {isa = PBXBuildFile; fileRef = 7EE33DC02989493A00F7A94B /* TweetTableViewCell.swift */; };
		7EE33DC429896BAC00F7A94B /* ProfileViewController.swift in Sources */ = {isa = PBXBuildFile; fileRef = 7EE33DC329896BAC00F7A94B /* ProfileViewController.swift */; };
/* End PBXBuildFile section */

/* Begin PBXFileReference section */
		7E0D034F298ABF6000434899 /* ProfileTableViewHeader.swift */ = {isa = PBXFileReference; lastKnownFileType = sourcecode.swift; path = ProfileTableViewHeader.swift; sourceTree = "<group>"; };
		7E0D0351298BC1ED00434899 /* GoogleService-Info.plist */ = {isa = PBXFileReference; fileEncoding = 4; lastKnownFileType = text.plist.xml; path = "GoogleService-Info.plist"; sourceTree = "<group>"; };
		7E0D0367298BC67E00434899 /* OnboardingViewController.swift */ = {isa = PBXFileReference; lastKnownFileType = sourcecode.swift; path = OnboardingViewController.swift; sourceTree = "<group>"; };
		7E0D0369298BCF7700434899 /* RegisterViewController.swift */ = {isa = PBXFileReference; lastKnownFileType = sourcecode.swift; path = RegisterViewController.swift; sourceTree = "<group>"; };
		7E0D036C298BD5E300434899 /* AuthenticationViewModel.swift */ = {isa = PBXFileReference; lastKnownFileType = sourcecode.swift; path = AuthenticationViewModel.swift; sourceTree = "<group>"; };
		7E0D036F298BDF8300434899 /* AuthManager.swift */ = {isa = PBXFileReference; lastKnownFileType = sourcecode.swift; path = AuthManager.swift; sourceTree = "<group>"; };
		7E0D0371298BE60800434899 /* LoginViewController.swift */ = {isa = PBXFileReference; lastKnownFileType = sourcecode.swift; path = LoginViewController.swift; sourceTree = "<group>"; };
		7E2C9E9B298CB7E200B86A90 /* TwitterUser.swift */ = {isa = PBXFileReference; lastKnownFileType = sourcecode.swift; path = TwitterUser.swift; sourceTree = "<group>"; };
		7E2C9E9D298CB87500B86A90 /* DatabaseManager.swift */ = {isa = PBXFileReference; lastKnownFileType = sourcecode.swift; path = DatabaseManager.swift; sourceTree = "<group>"; };
		7E2C9E9F298CC0C900B86A90 /* HomeViewModel.swift */ = {isa = PBXFileReference; lastKnownFileType = sourcecode.swift; path = HomeViewModel.swift; sourceTree = "<group>"; };
		7E2C9EA1298CC45300B86A90 /* ProfileDataFormViewController.swift */ = {isa = PBXFileReference; lastKnownFileType = sourcecode.swift; path = ProfileDataFormViewController.swift; sourceTree = "<group>"; };
		7E2C9EA3298CC62C00B86A90 /* ProfileDataFormViewModel.swift */ = {isa = PBXFileReference; lastKnownFileType = sourcecode.swift; path = ProfileDataFormViewModel.swift; sourceTree = "<group>"; };
		7E2C9EA5298D2D1500B86A90 /* StorageManager.swift */ = {isa = PBXFileReference; lastKnownFileType = sourcecode.swift; path = StorageManager.swift; sourceTree = "<group>"; };
		7E2C9EA7298D452D00B86A90 /* ProfileViewModel.swift */ = {isa = PBXFileReference; lastKnownFileType = sourcecode.swift; path = ProfileViewModel.swift; sourceTree = "<group>"; };
		7E2C9EAE298D658B00B86A90 /* Extension+UIColor.swift */ = {isa = PBXFileReference; lastKnownFileType = sourcecode.swift; path = "Extension+UIColor.swift"; sourceTree = "<group>"; };
		7E2C9EB0298D7DF400B86A90 /* TweetComposeViewController.swift */ = {isa = PBXFileReference; lastKnownFileType = sourcecode.swift; path = TweetComposeViewController.swift; sourceTree = "<group>"; };
		7E2C9EB2298D835300B86A90 /* Tweet.swift */ = {isa = PBXFileReference; lastKnownFileType = sourcecode.swift; path = Tweet.swift; sourceTree = "<group>"; };
		7E2C9EB4298D843600B86A90 /* TweetComposeViewModel.swift */ = {isa = PBXFileReference; lastKnownFileType = sourcecode.swift; path = TweetComposeViewModel.swift; sourceTree = "<group>"; };
		7EE33D9E2989392500F7A94B /* Twitters.app */ = {isa = PBXFileReference; explicitFileType = wrapper.application; includeInIndex = 0; path = Twitters.app; sourceTree = BUILT_PRODUCTS_DIR; };
		7EE33DA12989392500F7A94B /* AppDelegate.swift */ = {isa = PBXFileReference; lastKnownFileType = sourcecode.swift; path = AppDelegate.swift; sourceTree = "<group>"; };
		7EE33DA32989392500F7A94B /* SceneDelegate.swift */ = {isa = PBXFileReference; lastKnownFileType = sourcecode.swift; path = SceneDelegate.swift; sourceTree = "<group>"; };
		7EE33DA52989392500F7A94B /* MainTabBarController.swift */ = {isa = PBXFileReference; lastKnownFileType = sourcecode.swift; path = MainTabBarController.swift; sourceTree = "<group>"; };
		7EE33DAA2989392600F7A94B /* Assets.xcassets */ = {isa = PBXFileReference; lastKnownFileType = folder.assetcatalog; path = Assets.xcassets; sourceTree = "<group>"; };
		7EE33DAD2989392600F7A94B /* Base */ = {isa = PBXFileReference; lastKnownFileType = file.storyboard; name = Base; path = Base.lproj/LaunchScreen.storyboard; sourceTree = "<group>"; };
		7EE33DAF2989392600F7A94B /* Info.plist */ = {isa = PBXFileReference; lastKnownFileType = text.plist.xml; path = Info.plist; sourceTree = "<group>"; };
		7EE33DB729893E8F00F7A94B /* HomeViewController.swift */ = {isa = PBXFileReference; lastKnownFileType = sourcecode.swift; path = HomeViewController.swift; sourceTree = "<group>"; };
		7EE33DB929893F9B00F7A94B /* SearchViewController.swift */ = {isa = PBXFileReference; lastKnownFileType = sourcecode.swift; path = SearchViewController.swift; sourceTree = "<group>"; };
		7EE33DBB29893FAD00F7A94B /* NotificationViewController.swift */ = {isa = PBXFileReference; lastKnownFileType = sourcecode.swift; path = NotificationViewController.swift; sourceTree = "<group>"; };
		7EE33DBD29893FBB00F7A94B /* DirectMessageViewController.swift */ = {isa = PBXFileReference; lastKnownFileType = sourcecode.swift; path = DirectMessageViewController.swift; sourceTree = "<group>"; };
		7EE33DC02989493A00F7A94B /* TweetTableViewCell.swift */ = {isa = PBXFileReference; lastKnownFileType = sourcecode.swift; path = TweetTableViewCell.swift; sourceTree = "<group>"; };
		7EE33DC329896BAC00F7A94B /* ProfileViewController.swift */ = {isa = PBXFileReference; lastKnownFileType = sourcecode.swift; path = ProfileViewController.swift; sourceTree = "<group>"; };
/* End PBXFileReference section */

/* Begin PBXFrameworksBuildPhase section */
		7EE33D9B2989392500F7A94B /* Frameworks */ = {
			isa = PBXFrameworksBuildPhase;
			buildActionMask = 2147483647;
			files = (
				7E0D035B298BC33800434899 /* FirebaseDatabaseSwift in Frameworks */,
				7E0D0359298BC33800434899 /* FirebaseDatabase in Frameworks */,
				7E0D0355298BC33800434899 /* FirebaseAuth in Frameworks */,
				7E0D0361298BC33800434899 /* FirebaseFirestoreSwift in Frameworks */,
				7E2C9EAB298D5B8300B86A90 /* SDWebImage in Frameworks */,
				7E0D035F298BC33800434899 /* FirebaseFirestoreCombine-Community in Frameworks */,
				7E0D0363298BC33800434899 /* FirebaseStorage in Frameworks */,
				7E0D035D298BC33800434899 /* FirebaseFirestore in Frameworks */,
				7E0D0365298BC33800434899 /* FirebaseStorageCombine-Community in Frameworks */,
				7E0D0357298BC33800434899 /* FirebaseAuthCombine-Community in Frameworks */,
			);
			runOnlyForDeploymentPostprocessing = 0;
		};
/* End PBXFrameworksBuildPhase section */

/* Begin PBXGroup section */
		7E0D0366298BC64400434899 /* Onboarding */ = {
			isa = PBXGroup;
			children = (
				7E0D0367298BC67E00434899 /* OnboardingViewController.swift */,
				7E0D0369298BCF7700434899 /* RegisterViewController.swift */,
				7E0D0371298BE60800434899 /* LoginViewController.swift */,
			);
			path = Onboarding;
			sourceTree = "<group>";
		};
		7E0D036B298BD5C100434899 /* ViewModel */ = {
			isa = PBXGroup;
			children = (
				7E0D036C298BD5E300434899 /* AuthenticationViewModel.swift */,
				7E2C9E9F298CC0C900B86A90 /* HomeViewModel.swift */,
				7E2C9EA3298CC62C00B86A90 /* ProfileDataFormViewModel.swift */,
				7E2C9EA7298D452D00B86A90 /* ProfileViewModel.swift */,
				7E2C9EB4298D843600B86A90 /* TweetComposeViewModel.swift */,
			);
			path = ViewModel;
			sourceTree = "<group>";
		};
		7E0D036E298BDF7400434899 /* Networking */ = {
			isa = PBXGroup;
			children = (
				7E0D036F298BDF8300434899 /* AuthManager.swift */,
				7E2C9E9D298CB87500B86A90 /* DatabaseManager.swift */,
				7E2C9EA5298D2D1500B86A90 /* StorageManager.swift */,
			);
			path = Networking;
			sourceTree = "<group>";
		};
		7E2C9E9A298CB7BB00B86A90 /* Model */ = {
			isa = PBXGroup;
			children = (
				7E2C9E9B298CB7E200B86A90 /* TwitterUser.swift */,
				7E2C9EB2298D835300B86A90 /* Tweet.swift */,
			);
			path = Model;
			sourceTree = "<group>";
		};
		7E2C9EAC298D656B00B86A90 /* Utils */ = {
			isa = PBXGroup;
			children = (
				7E2C9EAD298D657600B86A90 /* Extensions */,
			);
			path = Utils;
			sourceTree = "<group>";
		};
		7E2C9EAD298D657600B86A90 /* Extensions */ = {
			isa = PBXGroup;
			children = (
				7E2C9EAE298D658B00B86A90 /* Extension+UIColor.swift */,
			);
			path = Extensions;
			sourceTree = "<group>";
		};
		7EE33D952989392500F7A94B = {
			isa = PBXGroup;
			children = (
				7EE33DA02989392500F7A94B /* Twitters */,
				7EE33D9F2989392500F7A94B /* Products */,
			);
			sourceTree = "<group>";
		};
		7EE33D9F2989392500F7A94B /* Products */ = {
			isa = PBXGroup;
			children = (
				7EE33D9E2989392500F7A94B /* Twitters.app */,
			);
			name = Products;
			sourceTree = "<group>";
		};
		7EE33DA02989392500F7A94B /* Twitters */ = {
			isa = PBXGroup;
			children = (
				7E2C9EAC298D656B00B86A90 /* Utils */,
				7E2C9E9A298CB7BB00B86A90 /* Model */,
				7E0D036E298BDF7400434899 /* Networking */,
				7E0D036B298BD5C100434899 /* ViewModel */,
				7EE33DBF2989492000F7A94B /* View */,
				7EE33DB529893E6900F7A94B /* Controllers */,
				7EE33DA12989392500F7A94B /* AppDelegate.swift */,
				7EE33DA32989392500F7A94B /* SceneDelegate.swift */,
				7EE33DAA2989392600F7A94B /* Assets.xcassets */,
				7EE33DAC2989392600F7A94B /* LaunchScreen.storyboard */,
				7EE33DAF2989392600F7A94B /* Info.plist */,
				7E0D0351298BC1ED00434899 /* GoogleService-Info.plist */,
			);
			path = Twitters;
			sourceTree = "<group>";
		};
		7EE33DB529893E6900F7A94B /* Controllers */ = {
			isa = PBXGroup;
			children = (
				7E0D0366298BC64400434899 /* Onboarding */,
				7EE33DC229896B9200F7A94B /* General */,
				7EE33DB629893E7400F7A94B /* Core */,
			);
			path = Controllers;
			sourceTree = "<group>";
		};
		7EE33DB629893E7400F7A94B /* Core */ = {
			isa = PBXGroup;
			children = (
				7EE33DA52989392500F7A94B /* MainTabBarController.swift */,
				7EE33DB729893E8F00F7A94B /* HomeViewController.swift */,
				7EE33DB929893F9B00F7A94B /* SearchViewController.swift */,
				7EE33DBB29893FAD00F7A94B /* NotificationViewController.swift */,
				7EE33DBD29893FBB00F7A94B /* DirectMessageViewController.swift */,
			);
			path = Core;
			sourceTree = "<group>";
		};
		7EE33DBF2989492000F7A94B /* View */ = {
			isa = PBXGroup;
			children = (
				7EE33DC02989493A00F7A94B /* TweetTableViewCell.swift */,
				7E0D034F298ABF6000434899 /* ProfileTableViewHeader.swift */,
			);
			path = View;
			sourceTree = "<group>";
		};
		7EE33DC229896B9200F7A94B /* General */ = {
			isa = PBXGroup;
			children = (
				7EE33DC329896BAC00F7A94B /* ProfileViewController.swift */,
				7E2C9EA1298CC45300B86A90 /* ProfileDataFormViewController.swift */,
				7E2C9EB0298D7DF400B86A90 /* TweetComposeViewController.swift */,
			);
			path = General;
			sourceTree = "<group>";
		};
/* End PBXGroup section */

/* Begin PBXNativeTarget section */
		7EE33D9D2989392500F7A94B /* Twitters */ = {
			isa = PBXNativeTarget;
			buildConfigurationList = 7EE33DB22989392600F7A94B /* Build configuration list for PBXNativeTarget "Twitters" */;
			buildPhases = (
				7EE33D9A2989392500F7A94B /* Sources */,
				7EE33D9B2989392500F7A94B /* Frameworks */,
				7EE33D9C2989392500F7A94B /* Resources */,
			);
			buildRules = (
			);
			dependencies = (
			);
			name = Twitters;
			packageProductDependencies = (
				7E0D0354298BC33800434899 /* FirebaseAuth */,
				7E0D0356298BC33800434899 /* FirebaseAuthCombine-Community */,
				7E0D0358298BC33800434899 /* FirebaseDatabase */,
				7E0D035A298BC33800434899 /* FirebaseDatabaseSwift */,
				7E0D035C298BC33800434899 /* FirebaseFirestore */,
				7E0D035E298BC33800434899 /* FirebaseFirestoreCombine-Community */,
				7E0D0360298BC33800434899 /* FirebaseFirestoreSwift */,
				7E0D0362298BC33800434899 /* FirebaseStorage */,
				7E0D0364298BC33800434899 /* FirebaseStorageCombine-Community */,
				7E2C9EAA298D5B8300B86A90 /* SDWebImage */,
			);
			productName = Twitters;
			productReference = 7EE33D9E2989392500F7A94B /* Twitters.app */;
			productType = "com.apple.product-type.application";
		};
/* End PBXNativeTarget section */

/* Begin PBXProject section */
		7EE33D962989392500F7A94B /* Project object */ = {
			isa = PBXProject;
			attributes = {
				BuildIndependentTargetsInParallel = 1;
				LastSwiftUpdateCheck = 1420;
				LastUpgradeCheck = 1420;
				TargetAttributes = {
					7EE33D9D2989392500F7A94B = {
						CreatedOnToolsVersion = 14.2;
					};
				};
			};
			buildConfigurationList = 7EE33D992989392500F7A94B /* Build configuration list for PBXProject "Twitters" */;
			compatibilityVersion = "Xcode 14.0";
			developmentRegion = en;
			hasScannedForEncodings = 0;
			knownRegions = (
				en,
				Base,
			);
			mainGroup = 7EE33D952989392500F7A94B;
			packageReferences = (
				7E0D0353298BC33800434899 /* XCRemoteSwiftPackageReference "firebase-ios-sdk" */,
				7E2C9EA9298D5B8300B86A90 /* XCRemoteSwiftPackageReference "SDWebImage" */,
			);
			productRefGroup = 7EE33D9F2989392500F7A94B /* Products */;
			projectDirPath = "";
			projectRoot = "";
			targets = (
				7EE33D9D2989392500F7A94B /* Twitters */,
			);
		};
/* End PBXProject section */

/* Begin PBXResourcesBuildPhase section */
		7EE33D9C2989392500F7A94B /* Resources */ = {
			isa = PBXResourcesBuildPhase;
			buildActionMask = 2147483647;
			files = (
				7EE33DAE2989392600F7A94B /* LaunchScreen.storyboard in Resources */,
				7E0D0352298BC1ED00434899 /* GoogleService-Info.plist in Resources */,
				7EE33DAB2989392600F7A94B /* Assets.xcassets in Resources */,
			);
			runOnlyForDeploymentPostprocessing = 0;
		};
/* End PBXResourcesBuildPhase section */

/* Begin PBXSourcesBuildPhase section */
		7EE33D9A2989392500F7A94B /* Sources */ = {
			isa = PBXSourcesBuildPhase;
			buildActionMask = 2147483647;
			files = (
				7EE33DBA29893F9B00F7A94B /* SearchViewController.swift in Sources */,
				7E2C9EA0298CC0C900B86A90 /* HomeViewModel.swift in Sources */,
				7E2C9EB1298D7DF400B86A90 /* TweetComposeViewController.swift in Sources */,
				7E0D0370298BDF8300434899 /* AuthManager.swift in Sources */,
				7E2C9EA6298D2D1500B86A90 /* StorageManager.swift in Sources */,
				7EE33DA62989392500F7A94B /* MainTabBarController.swift in Sources */,
				7E0D0372298BE60800434899 /* LoginViewController.swift in Sources */,
				7E2C9E9E298CB87500B86A90 /* DatabaseManager.swift in Sources */,
				7EE33DBC29893FAD00F7A94B /* NotificationViewController.swift in Sources */,
				7E0D036A298BCF7700434899 /* RegisterViewController.swift in Sources */,
				7E2C9EA4298CC62C00B86A90 /* ProfileDataFormViewModel.swift in Sources */,
				7E2C9EB3298D835300B86A90 /* Tweet.swift in Sources */,
				7EE33DA22989392500F7A94B /* AppDelegate.swift in Sources */,
				7EE33DBE29893FBB00F7A94B /* DirectMessageViewController.swift in Sources */,
				7EE33DA42989392500F7A94B /* SceneDelegate.swift in Sources */,
				7EE33DC429896BAC00F7A94B /* ProfileViewController.swift in Sources */,
				7E2C9EAF298D658B00B86A90 /* Extension+UIColor.swift in Sources */,
				7E0D036D298BD5E300434899 /* AuthenticationViewModel.swift in Sources */,
				7EE33DB829893E8F00F7A94B /* HomeViewController.swift in Sources */,
				7E2C9EA2298CC45300B86A90 /* ProfileDataFormViewController.swift in Sources */,
				7E0D0350298ABF6000434899 /* ProfileTableViewHeader.swift in Sources */,
				7E2C9EA8298D452D00B86A90 /* ProfileViewModel.swift in Sources */,
				7E0D0368298BC67E00434899 /* OnboardingViewController.swift in Sources */,
				7E2C9EB5298D843600B86A90 /* TweetComposeViewModel.swift in Sources */,
				7E2C9E9C298CB7E200B86A90 /* TwitterUser.swift in Sources */,
				7EE33DC12989493A00F7A94B /* TweetTableViewCell.swift in Sources */,
			);
			runOnlyForDeploymentPostprocessing = 0;
		};
/* End PBXSourcesBuildPhase section */

/* Begin PBXVariantGroup section */
		7EE33DAC2989392600F7A94B /* LaunchScreen.storyboard */ = {
			isa = PBXVariantGroup;
			children = (
				7EE33DAD2989392600F7A94B /* Base */,
			);
			name = LaunchScreen.storyboard;
			sourceTree = "<group>";
		};
/* End PBXVariantGroup section */

/* Begin XCBuildConfiguration section */
		7EE33DB02989392600F7A94B /* Debug */ = {
			isa = XCBuildConfiguration;
			buildSettings = {
				ALWAYS_SEARCH_USER_PATHS = NO;
				CLANG_ANALYZER_NONNULL = YES;
				CLANG_ANALYZER_NUMBER_OBJECT_CONVERSION = YES_AGGRESSIVE;
				CLANG_CXX_LANGUAGE_STANDARD = "gnu++20";
				CLANG_ENABLE_MODULES = YES;
				CLANG_ENABLE_OBJC_ARC = YES;
				CLANG_ENABLE_OBJC_WEAK = YES;
				CLANG_WARN_BLOCK_CAPTURE_AUTORELEASING = YES;
				CLANG_WARN_BOOL_CONVERSION = YES;
				CLANG_WARN_COMMA = YES;
				CLANG_WARN_CONSTANT_CONVERSION = YES;
				CLANG_WARN_DEPRECATED_OBJC_IMPLEMENTATIONS = YES;
				CLANG_WARN_DIRECT_OBJC_ISA_USAGE = YES_ERROR;
				CLANG_WARN_DOCUMENTATION_COMMENTS = YES;
				CLANG_WARN_EMPTY_BODY = YES;
				CLANG_WARN_ENUM_CONVERSION = YES;
				CLANG_WARN_INFINITE_RECURSION = YES;
				CLANG_WARN_INT_CONVERSION = YES;
				CLANG_WARN_NON_LITERAL_NULL_CONVERSION = YES;
				CLANG_WARN_OBJC_IMPLICIT_RETAIN_SELF = YES;
				CLANG_WARN_OBJC_LITERAL_CONVERSION = YES;
				CLANG_WARN_OBJC_ROOT_CLASS = YES_ERROR;
				CLANG_WARN_QUOTED_INCLUDE_IN_FRAMEWORK_HEADER = YES;
				CLANG_WARN_RANGE_LOOP_ANALYSIS = YES;
				CLANG_WARN_STRICT_PROTOTYPES = YES;
				CLANG_WARN_SUSPICIOUS_MOVE = YES;
				CLANG_WARN_UNGUARDED_AVAILABILITY = YES_AGGRESSIVE;
				CLANG_WARN_UNREACHABLE_CODE = YES;
				CLANG_WARN__DUPLICATE_METHOD_MATCH = YES;
				COPY_PHASE_STRIP = NO;
				DEBUG_INFORMATION_FORMAT = dwarf;
				ENABLE_STRICT_OBJC_MSGSEND = YES;
				ENABLE_TESTABILITY = YES;
				GCC_C_LANGUAGE_STANDARD = gnu11;
				GCC_DYNAMIC_NO_PIC = NO;
				GCC_NO_COMMON_BLOCKS = YES;
				GCC_OPTIMIZATION_LEVEL = 0;
				GCC_PREPROCESSOR_DEFINITIONS = (
					"DEBUG=1",
					"$(inherited)",
				);
				GCC_WARN_64_TO_32_BIT_CONVERSION = YES;
				GCC_WARN_ABOUT_RETURN_TYPE = YES_ERROR;
				GCC_WARN_UNDECLARED_SELECTOR = YES;
				GCC_WARN_UNINITIALIZED_AUTOS = YES_AGGRESSIVE;
				GCC_WARN_UNUSED_FUNCTION = YES;
				GCC_WARN_UNUSED_VARIABLE = YES;
				IPHONEOS_DEPLOYMENT_TARGET = 16.2;
				MTL_ENABLE_DEBUG_INFO = INCLUDE_SOURCE;
				MTL_FAST_MATH = YES;
				ONLY_ACTIVE_ARCH = YES;
				SDKROOT = iphoneos;
				SWIFT_ACTIVE_COMPILATION_CONDITIONS = DEBUG;
				SWIFT_OPTIMIZATION_LEVEL = "-Onone";
			};
			name = Debug;
		};
		7EE33DB12989392600F7A94B /* Release */ = {
			isa = XCBuildConfiguration;
			buildSettings = {
				ALWAYS_SEARCH_USER_PATHS = NO;
				CLANG_ANALYZER_NONNULL = YES;
				CLANG_ANALYZER_NUMBER_OBJECT_CONVERSION = YES_AGGRESSIVE;
				CLANG_CXX_LANGUAGE_STANDARD = "gnu++20";
				CLANG_ENABLE_MODULES = YES;
				CLANG_ENABLE_OBJC_ARC = YES;
				CLANG_ENABLE_OBJC_WEAK = YES;
				CLANG_WARN_BLOCK_CAPTURE_AUTORELEASING = YES;
				CLANG_WARN_BOOL_CONVERSION = YES;
				CLANG_WARN_COMMA = YES;
				CLANG_WARN_CONSTANT_CONVERSION = YES;
				CLANG_WARN_DEPRECATED_OBJC_IMPLEMENTATIONS = YES;
				CLANG_WARN_DIRECT_OBJC_ISA_USAGE = YES_ERROR;
				CLANG_WARN_DOCUMENTATION_COMMENTS = YES;
				CLANG_WARN_EMPTY_BODY = YES;
				CLANG_WARN_ENUM_CONVERSION = YES;
				CLANG_WARN_INFINITE_RECURSION = YES;
				CLANG_WARN_INT_CONVERSION = YES;
				CLANG_WARN_NON_LITERAL_NULL_CONVERSION = YES;
				CLANG_WARN_OBJC_IMPLICIT_RETAIN_SELF = YES;
				CLANG_WARN_OBJC_LITERAL_CONVERSION = YES;
				CLANG_WARN_OBJC_ROOT_CLASS = YES_ERROR;
				CLANG_WARN_QUOTED_INCLUDE_IN_FRAMEWORK_HEADER = YES;
				CLANG_WARN_RANGE_LOOP_ANALYSIS = YES;
				CLANG_WARN_STRICT_PROTOTYPES = YES;
				CLANG_WARN_SUSPICIOUS_MOVE = YES;
				CLANG_WARN_UNGUARDED_AVAILABILITY = YES_AGGRESSIVE;
				CLANG_WARN_UNREACHABLE_CODE = YES;
				CLANG_WARN__DUPLICATE_METHOD_MATCH = YES;
				COPY_PHASE_STRIP = NO;
				DEBUG_INFORMATION_FORMAT = "dwarf-with-dsym";
				ENABLE_NS_ASSERTIONS = NO;
				ENABLE_STRICT_OBJC_MSGSEND = YES;
				GCC_C_LANGUAGE_STANDARD = gnu11;
				GCC_NO_COMMON_BLOCKS = YES;
				GCC_WARN_64_TO_32_BIT_CONVERSION = YES;
				GCC_WARN_ABOUT_RETURN_TYPE = YES_ERROR;
				GCC_WARN_UNDECLARED_SELECTOR = YES;
				GCC_WARN_UNINITIALIZED_AUTOS = YES_AGGRESSIVE;
				GCC_WARN_UNUSED_FUNCTION = YES;
				GCC_WARN_UNUSED_VARIABLE = YES;
				IPHONEOS_DEPLOYMENT_TARGET = 16.2;
				MTL_ENABLE_DEBUG_INFO = NO;
				MTL_FAST_MATH = YES;
				SDKROOT = iphoneos;
				SWIFT_COMPILATION_MODE = wholemodule;
				SWIFT_OPTIMIZATION_LEVEL = "-O";
				VALIDATE_PRODUCT = YES;
			};
			name = Release;
		};
		7EE33DB32989392600F7A94B /* Debug */ = {
			isa = XCBuildConfiguration;
			buildSettings = {
				ASSETCATALOG_COMPILER_APPICON_NAME = AppIcon;
				ASSETCATALOG_COMPILER_GLOBAL_ACCENT_COLOR_NAME = AccentColor;
				CODE_SIGN_STYLE = Automatic;
				CURRENT_PROJECT_VERSION = 1;
				DEVELOPMENT_TEAM = 3F8C4P2T95;
				GENERATE_INFOPLIST_FILE = YES;
				INFOPLIST_FILE = Twitters/Info.plist;
				INFOPLIST_KEY_UIApplicationSupportsIndirectInputEvents = YES;
				INFOPLIST_KEY_UILaunchStoryboardName = LaunchScreen;
				INFOPLIST_KEY_UISupportedInterfaceOrientations_iPad = "UIInterfaceOrientationPortrait UIInterfaceOrientationPortraitUpsideDown UIInterfaceOrientationLandscapeLeft UIInterfaceOrientationLandscapeRight";
				INFOPLIST_KEY_UISupportedInterfaceOrientations_iPhone = "UIInterfaceOrientationPortrait UIInterfaceOrientationLandscapeLeft UIInterfaceOrientationLandscapeRight";
				LD_RUNPATH_SEARCH_PATHS = (
					"$(inherited)",
					"@executable_path/Frameworks",
				);
				MARKETING_VERSION = 1.0;
				PRODUCT_BUNDLE_IDENTIFIER = com.rivaldofez.Twitters;
				PRODUCT_NAME = "$(TARGET_NAME)";
				SWIFT_EMIT_LOC_STRINGS = YES;
				SWIFT_VERSION = 5.0;
				TARGETED_DEVICE_FAMILY = "1,2";
			};
			name = Debug;
		};
		7EE33DB42989392600F7A94B /* Release */ = {
			isa = XCBuildConfiguration;
			buildSettings = {
				ASSETCATALOG_COMPILER_APPICON_NAME = AppIcon;
				ASSETCATALOG_COMPILER_GLOBAL_ACCENT_COLOR_NAME = AccentColor;
				CODE_SIGN_STYLE = Automatic;
				CURRENT_PROJECT_VERSION = 1;
				DEVELOPMENT_TEAM = 3F8C4P2T95;
				GENERATE_INFOPLIST_FILE = YES;
				INFOPLIST_FILE = Twitters/Info.plist;
				INFOPLIST_KEY_UIApplicationSupportsIndirectInputEvents = YES;
				INFOPLIST_KEY_UILaunchStoryboardName = LaunchScreen;
				INFOPLIST_KEY_UISupportedInterfaceOrientations_iPad = "UIInterfaceOrientationPortrait UIInterfaceOrientationPortraitUpsideDown UIInterfaceOrientationLandscapeLeft UIInterfaceOrientationLandscapeRight";
				INFOPLIST_KEY_UISupportedInterfaceOrientations_iPhone = "UIInterfaceOrientationPortrait UIInterfaceOrientationLandscapeLeft UIInterfaceOrientationLandscapeRight";
				LD_RUNPATH_SEARCH_PATHS = (
					"$(inherited)",
					"@executable_path/Frameworks",
				);
				MARKETING_VERSION = 1.0;
				PRODUCT_BUNDLE_IDENTIFIER = com.rivaldofez.Twitters;
				PRODUCT_NAME = "$(TARGET_NAME)";
				SWIFT_EMIT_LOC_STRINGS = YES;
				SWIFT_VERSION = 5.0;
				TARGETED_DEVICE_FAMILY = "1,2";
			};
			name = Release;
		};
/* End XCBuildConfiguration section */

/* Begin XCConfigurationList section */
		7EE33D992989392500F7A94B /* Build configuration list for PBXProject "Twitters" */ = {
			isa = XCConfigurationList;
			buildConfigurations = (
				7EE33DB02989392600F7A94B /* Debug */,
				7EE33DB12989392600F7A94B /* Release */,
			);
			defaultConfigurationIsVisible = 0;
			defaultConfigurationName = Release;
		};
		7EE33DB22989392600F7A94B /* Build configuration list for PBXNativeTarget "Twitters" */ = {
			isa = XCConfigurationList;
			buildConfigurations = (
				7EE33DB32989392600F7A94B /* Debug */,
				7EE33DB42989392600F7A94B /* Release */,
			);
			defaultConfigurationIsVisible = 0;
			defaultConfigurationName = Release;
		};
/* End XCConfigurationList section */

/* Begin XCRemoteSwiftPackageReference section */
		7E0D0353298BC33800434899 /* XCRemoteSwiftPackageReference "firebase-ios-sdk" */ = {
			isa = XCRemoteSwiftPackageReference;
			repositoryURL = "https://github.com/firebase/firebase-ios-sdk";
			requirement = {
				kind = upToNextMinorVersion;
				minimumVersion = 9.6.0;
			};
		};
		7E2C9EA9298D5B8300B86A90 /* XCRemoteSwiftPackageReference "SDWebImage" */ = {
			isa = XCRemoteSwiftPackageReference;
			repositoryURL = "https://github.com/SDWebImage/SDWebImage.git";
			requirement = {
				branch = master;
				kind = branch;
			};
		};
/* End XCRemoteSwiftPackageReference section */

/* Begin XCSwiftPackageProductDependency section */
		7E0D0354298BC33800434899 /* FirebaseAuth */ = {
			isa = XCSwiftPackageProductDependency;
			package = 7E0D0353298BC33800434899 /* XCRemoteSwiftPackageReference "firebase-ios-sdk" */;
			productName = FirebaseAuth;
		};
		7E0D0356298BC33800434899 /* FirebaseAuthCombine-Community */ = {
			isa = XCSwiftPackageProductDependency;
			package = 7E0D0353298BC33800434899 /* XCRemoteSwiftPackageReference "firebase-ios-sdk" */;
			productName = "FirebaseAuthCombine-Community";
		};
		7E0D0358298BC33800434899 /* FirebaseDatabase */ = {
			isa = XCSwiftPackageProductDependency;
			package = 7E0D0353298BC33800434899 /* XCRemoteSwiftPackageReference "firebase-ios-sdk" */;
			productName = FirebaseDatabase;
		};
		7E0D035A298BC33800434899 /* FirebaseDatabaseSwift */ = {
			isa = XCSwiftPackageProductDependency;
			package = 7E0D0353298BC33800434899 /* XCRemoteSwiftPackageReference "firebase-ios-sdk" */;
			productName = FirebaseDatabaseSwift;
		};
		7E0D035C298BC33800434899 /* FirebaseFirestore */ = {
			isa = XCSwiftPackageProductDependency;
			package = 7E0D0353298BC33800434899 /* XCRemoteSwiftPackageReference "firebase-ios-sdk" */;
			productName = FirebaseFirestore;
		};
		7E0D035E298BC33800434899 /* FirebaseFirestoreCombine-Community */ = {
			isa = XCSwiftPackageProductDependency;
			package = 7E0D0353298BC33800434899 /* XCRemoteSwiftPackageReference "firebase-ios-sdk" */;
			productName = "FirebaseFirestoreCombine-Community";
		};
		7E0D0360298BC33800434899 /* FirebaseFirestoreSwift */ = {
			isa = XCSwiftPackageProductDependency;
			package = 7E0D0353298BC33800434899 /* XCRemoteSwiftPackageReference "firebase-ios-sdk" */;
			productName = FirebaseFirestoreSwift;
		};
		7E0D0362298BC33800434899 /* FirebaseStorage */ = {
			isa = XCSwiftPackageProductDependency;
			package = 7E0D0353298BC33800434899 /* XCRemoteSwiftPackageReference "firebase-ios-sdk" */;
			productName = FirebaseStorage;
		};
		7E0D0364298BC33800434899 /* FirebaseStorageCombine-Community */ = {
			isa = XCSwiftPackageProductDependency;
			package = 7E0D0353298BC33800434899 /* XCRemoteSwiftPackageReference "firebase-ios-sdk" */;
			productName = "FirebaseStorageCombine-Community";
		};
		7E2C9EAA298D5B8300B86A90 /* SDWebImage */ = {
			isa = XCSwiftPackageProductDependency;
			package = 7E2C9EA9298D5B8300B86A90 /* XCRemoteSwiftPackageReference "SDWebImage" */;
			productName = SDWebImage;
		};
/* End XCSwiftPackageProductDependency section */
	};
	rootObject = 7EE33D962989392500F7A94B /* Project object */;
}
